
Microsoft Visual Studio Solution File, Format Version 12.00
# Visual Studio Version 17
VisualStudioVersion = 17.0.31903.59
MinimumVisualStudioVersion = 10.0.40219.1
Project("{FAE04EC0-301F-11D3-BF4B-00C04F79EFBC}") = "Client.Manager", "..\Client.Manager\Client.Manager.csproj", "{DA245102-8DDC-4B2C-8BC5-FFFC03F2A51C}"
EndProject
Project("{FAE04EC0-301F-11D3-BF4B-00C04F79EFBC}") = "Service.MangaOnline", "..\Service.MangaOnline\Service.MangaOnline.csproj", "{D93651CE-238F-4752-AB23-24C20F5913D1}"
EndProject
Global
	GlobalSection(SolutionConfigurationPlatforms) = preSolution
		Debug|Any CPU = Debug|Any CPU
		Release|Any CPU = Release|Any CPU
	EndGlobalSection
	GlobalSection(SolutionProperties) = preSolution
		HideSolutionNode = FALSE
	EndGlobalSection
	GlobalSection(ProjectConfigurationPlatforms) = postSolution
		{DA245102-8DDC-4B2C-8BC5-FFFC03F2A51C}.Debug|Any CPU.ActiveCfg = Debug|Any CPU
		{DA245102-8DDC-4B2C-8BC5-FFFC03F2A51C}.Debug|Any CPU.Build.0 = Debug|Any CPU
		{DA245102-8DDC-4B2C-8BC5-FFFC03F2A51C}.Release|Any CPU.ActiveCfg = Release|Any CPU
		{DA245102-8DDC-4B2C-8BC5-FFFC03F2A51C}.Release|Any CPU.Build.0 = Release|Any CPU
		{D93651CE-238F-4752-AB23-24C20F5913D1}.Debug|Any CPU.ActiveCfg = Debug|Any CPU
		{D93651CE-238F-4752-AB23-24C20F5913D1}.Debug|Any CPU.Build.0 = Debug|Any CPU
		{D93651CE-238F-4752-AB23-24C20F5913D1}.Release|Any CPU.ActiveCfg = Release|Any CPU
		{D93651CE-238F-4752-AB23-24C20F5913D1}.Release|Any CPU.Build.0 = Release|Any CPU
	EndGlobalSection
EndGlobal
